
Microsoft Visual Studio Solution File, Format Version 12.00
Project("{FAE04EC0-301F-11D3-BF4B-00C04F79EFBC}") = "Pokemons.API", "Pokemons.API\Pokemons.API.csproj", "{B8B426C6-7810-4882-B9C1-2AA1742305A5}"
EndProject
Project("{FAE04EC0-301F-11D3-BF4B-00C04F79EFBC}") = "Pokemons.Contracts", "Pokemons.Contracts\Pokemons.Contracts.csproj", "{A4E3370A-73BB-4046-9818-707EEA4ACF5F}"
EndProject
Project("{FAE04EC0-301F-11D3-BF4B-00C04F79EFBC}") = "Pokemons.Core", "Pokemons.Core\Pokemons.Core.csproj", "{7C70F572-ABE0-4AED-9677-2DD898E5E443}"
EndProject
Global
	GlobalSection(SolutionConfigurationPlatforms) = preSolution
		Debug|Any CPU = Debug|Any CPU
		Release|Any CPU = Release|Any CPU
	EndGlobalSection
	GlobalSection(ProjectConfigurationPlatforms) = postSolution
		{B8B426C6-7810-4882-B9C1-2AA1742305A5}.Debug|Any CPU.ActiveCfg = Debug|Any CPU
		{B8B426C6-7810-4882-B9C1-2AA1742305A5}.Debug|Any CPU.Build.0 = Debug|Any CPU
		{B8B426C6-7810-4882-B9C1-2AA1742305A5}.Release|Any CPU.ActiveCfg = Release|Any CPU
		{B8B426C6-7810-4882-B9C1-2AA1742305A5}.Release|Any CPU.Build.0 = Release|Any CPU
		{A4E3370A-73BB-4046-9818-707EEA4ACF5F}.Debug|Any CPU.ActiveCfg = Debug|Any CPU
		{A4E3370A-73BB-4046-9818-707EEA4ACF5F}.Debug|Any CPU.Build.0 = Debug|Any CPU
		{A4E3370A-73BB-4046-9818-707EEA4ACF5F}.Release|Any CPU.ActiveCfg = Release|Any CPU
		{A4E3370A-73BB-4046-9818-707EEA4ACF5F}.Release|Any CPU.Build.0 = Release|Any CPU
		{7C70F572-ABE0-4AED-9677-2DD898E5E443}.Debug|Any CPU.ActiveCfg = Debug|Any CPU
		{7C70F572-ABE0-4AED-9677-2DD898E5E443}.Debug|Any CPU.Build.0 = Debug|Any CPU
		{7C70F572-ABE0-4AED-9677-2DD898E5E443}.Release|Any CPU.ActiveCfg = Release|Any CPU
		{7C70F572-ABE0-4AED-9677-2DD898E5E443}.Release|Any CPU.Build.0 = Release|Any CPU
	EndGlobalSection
EndGlobal
